
Microsoft Visual Studio Solution File, Format Version 11.00
# Visual C# Express 2010
Project("{FAE04EC0-301F-11D3-BF4B-00C04F79EFBC}") = "BLE-Shield-NetDuino2", "BLE-Shield-NetDuino2\BLE-Shield-NetDuino2.csproj", "{A203FFDD-8CBC-48AA-956A-FB9A35B51EE9}"
EndProject
Global
	GlobalSection(SolutionConfigurationPlatforms) = preSolution
		Debug|Any CPU = Debug|Any CPU
		Release|Any CPU = Release|Any CPU
	EndGlobalSection
	GlobalSection(ProjectConfigurationPlatforms) = postSolution
		{A203FFDD-8CBC-48AA-956A-FB9A35B51EE9}.Debug|Any CPU.ActiveCfg = Debug|Any CPU
		{A203FFDD-8CBC-48AA-956A-FB9A35B51EE9}.Debug|Any CPU.Build.0 = Debug|Any CPU
		{A203FFDD-8CBC-48AA-956A-FB9A35B51EE9}.Debug|Any CPU.Deploy.0 = Debug|Any CPU
		{A203FFDD-8CBC-48AA-956A-FB9A35B51EE9}.Release|Any CPU.ActiveCfg = Release|Any CPU
		{A203FFDD-8CBC-48AA-956A-FB9A35B51EE9}.Release|Any CPU.Build.0 = Release|Any CPU
		{A203FFDD-8CBC-48AA-956A-FB9A35B51EE9}.Release|Any CPU.Deploy.0 = Release|Any CPU
	EndGlobalSection
	GlobalSection(SolutionProperties) = preSolution
		HideSolutionNode = FALSE
	EndGlobalSection
EndGlobal
